
Microsoft Visual Studio Solution File, Format Version 12.00
# Visual Studio Version 16
VisualStudioVersion = 16.0.30907.101
MinimumVisualStudioVersion = 10.0.40219.1
Project("{9A19103F-16F7-4668-BE54-9A1E7A4F7556}") = "CSharpIntro", "CSharpIntro\CSharpIntro.csproj", "{120D115E-2004-4C17-8C95-7FA7A8B2716A}"
EndProject
Project("{9A19103F-16F7-4668-BE54-9A1E7A4F7556}") = "Loops", "Loops\Loops.csproj", "{46639ED6-15E5-419C-BA1E-760FC82C9D9B}"
EndProject
Project("{FAE04EC0-301F-11D3-BF4B-00C04F79EFBC}") = "OOP1", "OOP1\OOP1.csproj", "{8B17B97B-6626-4361-AC0D-07E4D05812CD}"
EndProject
Project("{FAE04EC0-301F-11D3-BF4B-00C04F79EFBC}") = "ClassMethodDemo", "ClassMethodDemo\ClassMethodDemo.csproj", "{9E050128-A96E-461D-B187-CE330CB0D4A4}"
EndProject
Global
	GlobalSection(SolutionConfigurationPlatforms) = preSolution
		Debug|Any CPU = Debug|Any CPU
		Release|Any CPU = Release|Any CPU
	EndGlobalSection
	GlobalSection(ProjectConfigurationPlatforms) = postSolution
		{120D115E-2004-4C17-8C95-7FA7A8B2716A}.Debug|Any CPU.ActiveCfg = Debug|Any CPU
		{120D115E-2004-4C17-8C95-7FA7A8B2716A}.Debug|Any CPU.Build.0 = Debug|Any CPU
		{120D115E-2004-4C17-8C95-7FA7A8B2716A}.Release|Any CPU.ActiveCfg = Release|Any CPU
		{120D115E-2004-4C17-8C95-7FA7A8B2716A}.Release|Any CPU.Build.0 = Release|Any CPU
		{46639ED6-15E5-419C-BA1E-760FC82C9D9B}.Debug|Any CPU.ActiveCfg = Debug|Any CPU
		{46639ED6-15E5-419C-BA1E-760FC82C9D9B}.Debug|Any CPU.Build.0 = Debug|Any CPU
		{46639ED6-15E5-419C-BA1E-760FC82C9D9B}.Release|Any CPU.ActiveCfg = Release|Any CPU
		{46639ED6-15E5-419C-BA1E-760FC82C9D9B}.Release|Any CPU.Build.0 = Release|Any CPU
		{8B17B97B-6626-4361-AC0D-07E4D05812CD}.Debug|Any CPU.ActiveCfg = Debug|Any CPU
		{8B17B97B-6626-4361-AC0D-07E4D05812CD}.Debug|Any CPU.Build.0 = Debug|Any CPU
		{8B17B97B-6626-4361-AC0D-07E4D05812CD}.Release|Any CPU.ActiveCfg = Release|Any CPU
		{8B17B97B-6626-4361-AC0D-07E4D05812CD}.Release|Any CPU.Build.0 = Release|Any CPU
		{9E050128-A96E-461D-B187-CE330CB0D4A4}.Debug|Any CPU.ActiveCfg = Debug|Any CPU
		{9E050128-A96E-461D-B187-CE330CB0D4A4}.Debug|Any CPU.Build.0 = Debug|Any CPU
		{9E050128-A96E-461D-B187-CE330CB0D4A4}.Release|Any CPU.ActiveCfg = Release|Any CPU
		{9E050128-A96E-461D-B187-CE330CB0D4A4}.Release|Any CPU.Build.0 = Release|Any CPU
	EndGlobalSection
	GlobalSection(SolutionProperties) = preSolution
		HideSolutionNode = FALSE
	EndGlobalSection
	GlobalSection(ExtensibilityGlobals) = postSolution
		SolutionGuid = {9FDDE05C-37F5-42A6-9F02-BF4B3C30C041}
	EndGlobalSection
EndGlobal
